{
  "pins" : [
    {
      "identity" : "rickandmortyapi",
      "kind" : "remoteSourceControl",
      "location" : "https://github.com/erikfloresq/RickAndMortyAPI",
      "state" : {
        "revision" : "de4a4ab296b1117d75d3d4e48ced5120e0af1caa",
        "version" : "0.1.0"
      }
    },
    {
      "identity" : "swiftui-cached-async-image",
      "kind" : "remoteSourceControl",
      "location" : "https://github.com/lorenzofiamingo/swiftui-cached-async-image",
      "state" : {
        "revision" : "467a3d17479887943ab917a379e62bbaff60ac8a",
        "version" : "2.1.1"
      }
    }
  ],
  "version" : 2
}
